
Microsoft Visual Studio Solution File, Format Version 12.00
# Visual Studio Version 17
VisualStudioVersion = 17.8.34309.116
MinimumVisualStudioVersion = 10.0.40219.1
Project("{9A19103F-16F7-4668-BE54-9A1E7A4F7556}") = "AAA", "AAA\AAA.csproj", "{E2B0E42C-5CC9-4CA3-A1A7-35737CFA3E7D}"
EndProject
Global
	GlobalSection(SolutionConfigurationPlatforms) = preSolution
		Debug|Any CPU = Debug|Any CPU
		Release|Any CPU = Release|Any CPU
	EndGlobalSection
	GlobalSection(ProjectConfigurationPlatforms) = postSolution
		{E2B0E42C-5CC9-4CA3-A1A7-35737CFA3E7D}.Debug|Any CPU.ActiveCfg = Debug|Any CPU
		{E2B0E42C-5CC9-4CA3-A1A7-35737CFA3E7D}.Debug|Any CPU.Build.0 = Debug|Any CPU
		{E2B0E42C-5CC9-4CA3-A1A7-35737CFA3E7D}.Release|Any CPU.ActiveCfg = Release|Any CPU
		{E2B0E42C-5CC9-4CA3-A1A7-35737CFA3E7D}.Release|Any CPU.Build.0 = Release|Any CPU
	EndGlobalSection
	GlobalSection(SolutionProperties) = preSolution
		HideSolutionNode = FALSE
	EndGlobalSection
	GlobalSection(ExtensibilityGlobals) = postSolution
		SolutionGuid = {9B655790-C5D7-45EE-8E3F-AC65A2E6A615}
	EndGlobalSection
EndGlobal
